
Microsoft Visual Studio Solution File, Format Version 12.00
# Visual Studio Version 16
VisualStudioVersion = 16.0.32106.194
MinimumVisualStudioVersion = 10.0.40219.1
Project("{FAE04EC0-301F-11D3-BF4B-00C04F79EFBC}") = "Zeiss.PaySlip", "Zeiss.PaySlip\Zeiss.PaySlip.csproj", "{FC9B783C-9C17-4BDE-8920-BE3AAD6F717A}"
EndProject
Project("{FAE04EC0-301F-11D3-BF4B-00C04F79EFBC}") = "Zeiss.DataAccess", "Zeiss.DataAccess\Zeiss.DataAccess.csproj", "{F8E0745F-1067-4E2E-8621-B6F7DC3A1F61}"
EndProject
Project("{FAE04EC0-301F-11D3-BF4B-00C04F79EFBC}") = "Zeiss.BL", "Zeiss.BL\Zeiss.BL.csproj", "{00EE50CF-D6D7-47B5-A468-466AC14B622A}"
EndProject
Global
	GlobalSection(SolutionConfigurationPlatforms) = preSolution
		Debug|Any CPU = Debug|Any CPU
		Release|Any CPU = Release|Any CPU
	EndGlobalSection
	GlobalSection(ProjectConfigurationPlatforms) = postSolution
		{FC9B783C-9C17-4BDE-8920-BE3AAD6F717A}.Debug|Any CPU.ActiveCfg = Debug|Any CPU
		{FC9B783C-9C17-4BDE-8920-BE3AAD6F717A}.Debug|Any CPU.Build.0 = Debug|Any CPU
		{FC9B783C-9C17-4BDE-8920-BE3AAD6F717A}.Release|Any CPU.ActiveCfg = Release|Any CPU
		{FC9B783C-9C17-4BDE-8920-BE3AAD6F717A}.Release|Any CPU.Build.0 = Release|Any CPU
		{F8E0745F-1067-4E2E-8621-B6F7DC3A1F61}.Debug|Any CPU.ActiveCfg = Debug|Any CPU
		{F8E0745F-1067-4E2E-8621-B6F7DC3A1F61}.Debug|Any CPU.Build.0 = Debug|Any CPU
		{F8E0745F-1067-4E2E-8621-B6F7DC3A1F61}.Release|Any CPU.ActiveCfg = Release|Any CPU
		{F8E0745F-1067-4E2E-8621-B6F7DC3A1F61}.Release|Any CPU.Build.0 = Release|Any CPU
		{00EE50CF-D6D7-47B5-A468-466AC14B622A}.Debug|Any CPU.ActiveCfg = Debug|Any CPU
		{00EE50CF-D6D7-47B5-A468-466AC14B622A}.Debug|Any CPU.Build.0 = Debug|Any CPU
		{00EE50CF-D6D7-47B5-A468-466AC14B622A}.Release|Any CPU.ActiveCfg = Release|Any CPU
		{00EE50CF-D6D7-47B5-A468-466AC14B622A}.Release|Any CPU.Build.0 = Release|Any CPU
	EndGlobalSection
	GlobalSection(SolutionProperties) = preSolution
		HideSolutionNode = FALSE
	EndGlobalSection
	GlobalSection(ExtensibilityGlobals) = postSolution
		SolutionGuid = {2F396F39-3ADD-4800-ADAE-F33F92CBA6AC}
	EndGlobalSection
EndGlobal
